
Microsoft Visual Studio Solution File, Format Version 12.00
# Visual Studio 14
VisualStudioVersion = 14.0.25420.1
MinimumVisualStudioVersion = 10.0.40219.1
Project("{FAE04EC0-301F-11D3-BF4B-00C04F79EFBC}") = "SqlServerBulkInsert", "SqlServerBulkInsert\SqlServerBulkInsert.csproj", "{8509F555-541D-4177-9CA6-47EE8E6247AB}"
EndProject
Project("{FAE04EC0-301F-11D3-BF4B-00C04F79EFBC}") = "Demo", "Demo\Demo.csproj", "{34D46594-E59F-4E48-9D5E-EF02C6DF911A}"
EndProject
Global
	GlobalSection(SolutionConfigurationPlatforms) = preSolution
		Debug|Any CPU = Debug|Any CPU
		Release|Any CPU = Release|Any CPU
	EndGlobalSection
	GlobalSection(ProjectConfigurationPlatforms) = postSolution
		{8509F555-541D-4177-9CA6-47EE8E6247AB}.Debug|Any CPU.ActiveCfg = Debug|Any CPU
		{8509F555-541D-4177-9CA6-47EE8E6247AB}.Debug|Any CPU.Build.0 = Debug|Any CPU
		{8509F555-541D-4177-9CA6-47EE8E6247AB}.Release|Any CPU.ActiveCfg = Release|Any CPU
		{8509F555-541D-4177-9CA6-47EE8E6247AB}.Release|Any CPU.Build.0 = Release|Any CPU
		{34D46594-E59F-4E48-9D5E-EF02C6DF911A}.Debug|Any CPU.ActiveCfg = Debug|Any CPU
		{34D46594-E59F-4E48-9D5E-EF02C6DF911A}.Debug|Any CPU.Build.0 = Debug|Any CPU
		{34D46594-E59F-4E48-9D5E-EF02C6DF911A}.Release|Any CPU.ActiveCfg = Release|Any CPU
		{34D46594-E59F-4E48-9D5E-EF02C6DF911A}.Release|Any CPU.Build.0 = Release|Any CPU
	EndGlobalSection
	GlobalSection(SolutionProperties) = preSolution
		HideSolutionNode = FALSE
	EndGlobalSection
EndGlobal
